
Microsoft Visual Studio Solution File, Format Version 12.00
# Visual Studio 15
VisualStudioVersion = 15.0.27703.2026
MinimumVisualStudioVersion = 10.0.40219.1
Project("{9A19103F-16F7-4668-BE54-9A1E7A4F7556}") = "quiz_backend", "quiz-backend\quiz_backend.csproj", "{7361CAF8-F80B-4C9F-9F11-CFB4FD5F6D21}"
EndProject
Global
	GlobalSection(SolutionConfigurationPlatforms) = preSolution
		Debug|Any CPU = Debug|Any CPU
		Release|Any CPU = Release|Any CPU
	EndGlobalSection
	GlobalSection(ProjectConfigurationPlatforms) = postSolution
		{7361CAF8-F80B-4C9F-9F11-CFB4FD5F6D21}.Debug|Any CPU.ActiveCfg = Debug|Any CPU
		{7361CAF8-F80B-4C9F-9F11-CFB4FD5F6D21}.Debug|Any CPU.Build.0 = Debug|Any CPU
		{7361CAF8-F80B-4C9F-9F11-CFB4FD5F6D21}.Release|Any CPU.ActiveCfg = Release|Any CPU
		{7361CAF8-F80B-4C9F-9F11-CFB4FD5F6D21}.Release|Any CPU.Build.0 = Release|Any CPU
	EndGlobalSection
	GlobalSection(SolutionProperties) = preSolution
		HideSolutionNode = FALSE
	EndGlobalSection
	GlobalSection(ExtensibilityGlobals) = postSolution
		SolutionGuid = {2CC68146-E699-48AC-B1E2-8A2EC88D29F9}
	EndGlobalSection
EndGlobal
